{
  "requires": true,
  "lockfileVersion": 1,
  "dependencies": {
    "minimist": {
      "version": "1.2.0",
      "resolved": "http://registry.npmjs.org/minimist/-/minimist-1.2.0.tgz",
      "integrity": "sha1-o1AIsg9BOD7sH7kU9M1d95omQoQ="
    },
    "npm-collect": {
      "version": "1.0.5",
      "resolved": "https://registry.npmjs.org/npm-collect/-/npm-collect-1.0.5.tgz",
      "integrity": "sha1-XJumg66nY+76BWRYc21Y4+KIX0g=",
      "requires": {
        "minimist": "^1.2.0"
      }
    }
  }
}
